// !$*UTF8*$!
{
	archiveVersion = 1;
	classes = {
	};
	objectVersion = 50;
	objects = {

/* Begin PBXBuildFile section */
		F2FADD7725877C9F0088FDAA /* FaceDetectorApp.swift in Sources */ = {isa = PBXBuildFile; fileRef = F2FADD7625877C9F0088FDAA /* FaceDetectorApp.swift */; };
		F2FADD7925877C9F0088FDAA /* ContentView.swift in Sources */ = {isa = PBXBuildFile; fileRef = F2FADD7825877C9F0088FDAA /* ContentView.swift */; };
		F2FADD7B25877CA10088FDAA /* Assets.xcassets in Resources */ = {isa = PBXBuildFile; fileRef = F2FADD7A25877CA10088FDAA /* Assets.xcassets */; };
		F2FADD7E25877CA10088FDAA /* Preview Assets.xcassets in Resources */ = {isa = PBXBuildFile; fileRef = F2FADD7D25877CA10088FDAA /* Preview Assets.xcassets */; };
		F2FADD8925877CA10088FDAA /* FaceDetectorTests.swift in Sources */ = {isa = PBXBuildFile; fileRef = F2FADD8825877CA10088FDAA /* FaceDetectorTests.swift */; };
		F2FADD9425877CA10088FDAA /* FaceDetectorUITests.swift in Sources */ = {isa = PBXBuildFile; fileRef = F2FADD9325877CA10088FDAA /* FaceDetectorUITests.swift */; };
		F2FADDA525877D3F0088FDAA /* Faces.swift in Sources */ = {isa = PBXBuildFile; fileRef = F2FADDA425877D3F0088FDAA /* Faces.swift */; };
		F2FADDAA258780820088FDAA /* Views.swift in Sources */ = {isa = PBXBuildFile; fileRef = F2FADDA9258780820088FDAA /* Views.swift */; };
/* End PBXBuildFile section */

/* Begin PBXContainerItemProxy section */
		F2FADD8525877CA10088FDAA /* PBXContainerItemProxy */ = {
			isa = PBXContainerItemProxy;
			containerPortal = F2FADD6B25877C9F0088FDAA /* Project object */;
			proxyType = 1;
			remoteGlobalIDString = F2FADD7225877C9F0088FDAA;
			remoteInfo = FaceDetector;
		};
		F2FADD9025877CA10088FDAA /* PBXContainerItemProxy */ = {
			isa = PBXContainerItemProxy;
			containerPortal = F2FADD6B25877C9F0088FDAA /* Project object */;
			proxyType = 1;
			remoteGlobalIDString = F2FADD7225877C9F0088FDAA;
			remoteInfo = FaceDetector;
		};
/* End PBXContainerItemProxy section */

/* Begin PBXFileReference section */
		F2FADD7325877C9F0088FDAA /* FaceDetector.app */ = {isa = PBXFileReference; explicitFileType = wrapper.application; includeInIndex = 0; path = FaceDetector.app; sourceTree = BUILT_PRODUCTS_DIR; };
		F2FADD7625877C9F0088FDAA /* FaceDetectorApp.swift */ = {isa = PBXFileReference; lastKnownFileType = sourcecode.swift; path = FaceDetectorApp.swift; sourceTree = "<group>"; };
		F2FADD7825877C9F0088FDAA /* ContentView.swift */ = {isa = PBXFileReference; lastKnownFileType = sourcecode.swift; path = ContentView.swift; sourceTree = "<group>"; };
		F2FADD7A25877CA10088FDAA /* Assets.xcassets */ = {isa = PBXFileReference; lastKnownFileType = folder.assetcatalog; path = Assets.xcassets; sourceTree = "<group>"; };
		F2FADD7D25877CA10088FDAA /* Preview Assets.xcassets */ = {isa = PBXFileReference; lastKnownFileType = folder.assetcatalog; path = "Preview Assets.xcassets"; sourceTree = "<group>"; };
		F2FADD7F25877CA10088FDAA /* Info.plist */ = {isa = PBXFileReference; lastKnownFileType = text.plist.xml; path = Info.plist; sourceTree = "<group>"; };
		F2FADD8425877CA10088FDAA /* FaceDetectorTests.xctest */ = {isa = PBXFileReference; explicitFileType = wrapper.cfbundle; includeInIndex = 0; path = FaceDetectorTests.xctest; sourceTree = BUILT_PRODUCTS_DIR; };
		F2FADD8825877CA10088FDAA /* FaceDetectorTests.swift */ = {isa = PBXFileReference; lastKnownFileType = sourcecode.swift; path = FaceDetectorTests.swift; sourceTree = "<group>"; };
		F2FADD8A25877CA10088FDAA /* Info.plist */ = {isa = PBXFileReference; lastKnownFileType = text.plist.xml; path = Info.plist; sourceTree = "<group>"; };
		F2FADD8F25877CA10088FDAA /* FaceDetectorUITests.xctest */ = {isa = PBXFileReference; explicitFileType = wrapper.cfbundle; includeInIndex = 0; path = FaceDetectorUITests.xctest; sourceTree = BUILT_PRODUCTS_DIR; };
		F2FADD9325877CA10088FDAA /* FaceDetectorUITests.swift */ = {isa = PBXFileReference; lastKnownFileType = sourcecode.swift; path = FaceDetectorUITests.swift; sourceTree = "<group>"; };
		F2FADD9525877CA10088FDAA /* Info.plist */ = {isa = PBXFileReference; lastKnownFileType = text.plist.xml; path = Info.plist; sourceTree = "<group>"; };
		F2FADDA425877D3F0088FDAA /* Faces.swift */ = {isa = PBXFileReference; lastKnownFileType = sourcecode.swift; path = Faces.swift; sourceTree = "<group>"; };
		F2FADDA9258780820088FDAA /* Views.swift */ = {isa = PBXFileReference; lastKnownFileType = sourcecode.swift; path = Views.swift; sourceTree = "<group>"; };
/* End PBXFileReference section */

/* Begin PBXFrameworksBuildPhase section */
		F2FADD7025877C9F0088FDAA /* Frameworks */ = {
			isa = PBXFrameworksBuildPhase;
			buildActionMask = 2147483647;
			files = (
			);
			runOnlyForDeploymentPostprocessing = 0;
		};
		F2FADD8125877CA10088FDAA /* Frameworks */ = {
			isa = PBXFrameworksBuildPhase;
			buildActionMask = 2147483647;
			files = (
			);
			runOnlyForDeploymentPostprocessing = 0;
		};
		F2FADD8C25877CA10088FDAA /* Frameworks */ = {
			isa = PBXFrameworksBuildPhase;
			buildActionMask = 2147483647;
			files = (
			);
			runOnlyForDeploymentPostprocessing = 0;
		};
/* End PBXFrameworksBuildPhase section */

/* Begin PBXGroup section */
		F2FADD6A25877C9F0088FDAA = {
			isa = PBXGroup;
			children = (
				F2FADD7525877C9F0088FDAA /* FaceDetector */,
				F2FADD8725877CA10088FDAA /* FaceDetectorTests */,
				F2FADD9225877CA10088FDAA /* FaceDetectorUITests */,
				F2FADD7425877C9F0088FDAA /* Products */,
			);
			sourceTree = "<group>";
		};
		F2FADD7425877C9F0088FDAA /* Products */ = {
			isa = PBXGroup;
			children = (
				F2FADD7325877C9F0088FDAA /* FaceDetector.app */,
				F2FADD8425877CA10088FDAA /* FaceDetectorTests.xctest */,
				F2FADD8F25877CA10088FDAA /* FaceDetectorUITests.xctest */,
			);
			name = Products;
			sourceTree = "<group>";
		};
		F2FADD7525877C9F0088FDAA /* FaceDetector */ = {
			isa = PBXGroup;
			children = (
				F2FADD7625877C9F0088FDAA /* FaceDetectorApp.swift */,
				F2FADD7825877C9F0088FDAA /* ContentView.swift */,
				F2FADDA425877D3F0088FDAA /* Faces.swift */,
				F2FADDA9258780820088FDAA /* Views.swift */,
				F2FADD7A25877CA10088FDAA /* Assets.xcassets */,
				F2FADD7F25877CA10088FDAA /* Info.plist */,
				F2FADD7C25877CA10088FDAA /* Preview Content */,
			);
			path = FaceDetector;
			sourceTree = "<group>";
		};
		F2FADD7C25877CA10088FDAA /* Preview Content */ = {
			isa = PBXGroup;
			children = (
				F2FADD7D25877CA10088FDAA /* Preview Assets.xcassets */,
			);
			path = "Preview Content";
			sourceTree = "<group>";
		};
		F2FADD8725877CA10088FDAA /* FaceDetectorTests */ = {
			isa = PBXGroup;
			children = (
				F2FADD8825877CA10088FDAA /* FaceDetectorTests.swift */,
				F2FADD8A25877CA10088FDAA /* Info.plist */,
			);
			path = FaceDetectorTests;
			sourceTree = "<group>";
		};
		F2FADD9225877CA10088FDAA /* FaceDetectorUITests */ = {
			isa = PBXGroup;
			children = (
				F2FADD9325877CA10088FDAA /* FaceDetectorUITests.swift */,
				F2FADD9525877CA10088FDAA /* Info.plist */,
			);
			path = FaceDetectorUITests;
			sourceTree = "<group>";
		};
/* End PBXGroup section */

/* Begin PBXNativeTarget section */
		F2FADD7225877C9F0088FDAA /* FaceDetector */ = {
			isa = PBXNativeTarget;
			buildConfigurationList = F2FADD9825877CA10088FDAA /* Build configuration list for PBXNativeTarget "FaceDetector" */;
			buildPhases = (
				F2FADD6F25877C9F0088FDAA /* Sources */,
				F2FADD7025877C9F0088FDAA /* Frameworks */,
				F2FADD7125877C9F0088FDAA /* Resources */,
			);
			buildRules = (
			);
			dependencies = (
			);
			name = FaceDetector;
			productName = FaceDetector;
			productReference = F2FADD7325877C9F0088FDAA /* FaceDetector.app */;
			productType = "com.apple.product-type.application";
		};
		F2FADD8325877CA10088FDAA /* FaceDetectorTests */ = {
			isa = PBXNativeTarget;
			buildConfigurationList = F2FADD9B25877CA10088FDAA /* Build configuration list for PBXNativeTarget "FaceDetectorTests" */;
			buildPhases = (
				F2FADD8025877CA10088FDAA /* Sources */,
				F2FADD8125877CA10088FDAA /* Frameworks */,
				F2FADD8225877CA10088FDAA /* Resources */,
			);
			buildRules = (
			);
			dependencies = (
				F2FADD8625877CA10088FDAA /* PBXTargetDependency */,
			);
			name = FaceDetectorTests;
			productName = FaceDetectorTests;
			productReference = F2FADD8425877CA10088FDAA /* FaceDetectorTests.xctest */;
			productType = "com.apple.product-type.bundle.unit-test";
		};
		F2FADD8E25877CA10088FDAA /* FaceDetectorUITests */ = {
			isa = PBXNativeTarget;
			buildConfigurationList = F2FADD9E25877CA10088FDAA /* Build configuration list for PBXNativeTarget "FaceDetectorUITests" */;
			buildPhases = (
				F2FADD8B25877CA10088FDAA /* Sources */,
				F2FADD8C25877CA10088FDAA /* Frameworks */,
				F2FADD8D25877CA10088FDAA /* Resources */,
			);
			buildRules = (
			);
			dependencies = (
				F2FADD9125877CA10088FDAA /* PBXTargetDependency */,
			);
			name = FaceDetectorUITests;
			productName = FaceDetectorUITests;
			productReference = F2FADD8F25877CA10088FDAA /* FaceDetectorUITests.xctest */;
			productType = "com.apple.product-type.bundle.ui-testing";
		};
/* End PBXNativeTarget section */

/* Begin PBXProject section */
		F2FADD6B25877C9F0088FDAA /* Project object */ = {
			isa = PBXProject;
			attributes = {
				LastSwiftUpdateCheck = 1230;
				LastUpgradeCheck = 1230;
				TargetAttributes = {
					F2FADD7225877C9F0088FDAA = {
						CreatedOnToolsVersion = 12.3;
					};
					F2FADD8325877CA10088FDAA = {
						CreatedOnToolsVersion = 12.3;
						TestTargetID = F2FADD7225877C9F0088FDAA;
					};
					F2FADD8E25877CA10088FDAA = {
						CreatedOnToolsVersion = 12.3;
						TestTargetID = F2FADD7225877C9F0088FDAA;
					};
				};
			};
			buildConfigurationList = F2FADD6E25877C9F0088FDAA /* Build configuration list for PBXProject "FaceDetector" */;
			compatibilityVersion = "Xcode 9.3";
			developmentRegion = en;
			hasScannedForEncodings = 0;
			knownRegions = (
				en,
				Base,
			);
			mainGroup = F2FADD6A25877C9F0088FDAA;
			productRefGroup = F2FADD7425877C9F0088FDAA /* Products */;
			projectDirPath = "";
			projectRoot = "";
			targets = (
				F2FADD7225877C9F0088FDAA /* FaceDetector */,
				F2FADD8325877CA10088FDAA /* FaceDetectorTests */,
				F2FADD8E25877CA10088FDAA /* FaceDetectorUITests */,
			);
		};
/* End PBXProject section */

/* Begin PBXResourcesBuildPhase section */
		F2FADD7125877C9F0088FDAA /* Resources */ = {
			isa = PBXResourcesBuildPhase;
			buildActionMask = 2147483647;
			files = (
				F2FADD7E25877CA10088FDAA /* Preview Assets.xcassets in Resources */,
				F2FADD7B25877CA10088FDAA /* Assets.xcassets in Resources */,
			);
			runOnlyForDeploymentPostprocessing = 0;
		};
		F2FADD8225877CA10088FDAA /* Resources */ = {
			isa = PBXResourcesBuildPhase;
			buildActionMask = 2147483647;
			files = (
			);
			runOnlyForDeploymentPostprocessing = 0;
		};
		F2FADD8D25877CA10088FDAA /* Resources */ = {
			isa = PBXResourcesBuildPhase;
			buildActionMask = 2147483647;
			files = (
			);
			runOnlyForDeploymentPostprocessing = 0;
		};
/* End PBXResourcesBuildPhase section */

/* Begin PBXSourcesBuildPhase section */
		F2FADD6F25877C9F0088FDAA /* Sources */ = {
			isa = PBXSourcesBuildPhase;
			buildActionMask = 2147483647;
			files = (
				F2FADDAA258780820088FDAA /* Views.swift in Sources */,
				F2FADDA525877D3F0088FDAA /* Faces.swift in Sources */,
				F2FADD7925877C9F0088FDAA /* ContentView.swift in Sources */,
				F2FADD7725877C9F0088FDAA /* FaceDetectorApp.swift in Sources */,
			);
			runOnlyForDeploymentPostprocessing = 0;
		};
		F2FADD8025877CA10088FDAA /* Sources */ = {
			isa = PBXSourcesBuildPhase;
			buildActionMask = 2147483647;
			files = (
				F2FADD8925877CA10088FDAA /* FaceDetectorTests.swift in Sources */,
			);
			runOnlyForDeploymentPostprocessing = 0;
		};
		F2FADD8B25877CA10088FDAA /* Sources */ = {
			isa = PBXSourcesBuildPhase;
			buildActionMask = 2147483647;
			files = (
				F2FADD9425877CA10088FDAA /* FaceDetectorUITests.swift in Sources */,
			);
			runOnlyForDeploymentPostprocessing = 0;
		};
/* End PBXSourcesBuildPhase section */

/* Begin PBXTargetDependency section */
		F2FADD8625877CA10088FDAA /* PBXTargetDependency */ = {
			isa = PBXTargetDependency;
			target = F2FADD7225877C9F0088FDAA /* FaceDetector */;
			targetProxy = F2FADD8525877CA10088FDAA /* PBXContainerItemProxy */;
		};
		F2FADD9125877CA10088FDAA /* PBXTargetDependency */ = {
			isa = PBXTargetDependency;
			target = F2FADD7225877C9F0088FDAA /* FaceDetector */;
			targetProxy = F2FADD9025877CA10088FDAA /* PBXContainerItemProxy */;
		};
/* End PBXTargetDependency section */

/* Begin XCBuildConfiguration section */
		F2FADD9625877CA10088FDAA /* Debug */ = {
			isa = XCBuildConfiguration;
			buildSettings = {
				ALWAYS_SEARCH_USER_PATHS = NO;
				CLANG_ANALYZER_NONNULL = YES;
				CLANG_ANALYZER_NUMBER_OBJECT_CONVERSION = YES_AGGRESSIVE;
				CLANG_CXX_LANGUAGE_STANDARD = "gnu++14";
				CLANG_CXX_LIBRARY = "libc++";
				CLANG_ENABLE_MODULES = YES;
				CLANG_ENABLE_OBJC_ARC = YES;
				CLANG_ENABLE_OBJC_WEAK = YES;
				CLANG_WARN_BLOCK_CAPTURE_AUTORELEASING = YES;
				CLANG_WARN_BOOL_CONVERSION = YES;
				CLANG_WARN_COMMA = YES;
				CLANG_WARN_CONSTANT_CONVERSION = YES;
				CLANG_WARN_DEPRECATED_OBJC_IMPLEMENTATIONS = YES;
				CLANG_WARN_DIRECT_OBJC_ISA_USAGE = YES_ERROR;
				CLANG_WARN_DOCUMENTATION_COMMENTS = YES;
				CLANG_WARN_EMPTY_BODY = YES;
				CLANG_WARN_ENUM_CONVERSION = YES;
				CLANG_WARN_INFINITE_RECURSION = YES;
				CLANG_WARN_INT_CONVERSION = YES;
				CLANG_WARN_NON_LITERAL_NULL_CONVERSION = YES;
				CLANG_WARN_OBJC_IMPLICIT_RETAIN_SELF = YES;
				CLANG_WARN_OBJC_LITERAL_CONVERSION = YES;
				CLANG_WARN_OBJC_ROOT_CLASS = YES_ERROR;
				CLANG_WARN_QUOTED_INCLUDE_IN_FRAMEWORK_HEADER = YES;
				CLANG_WARN_RANGE_LOOP_ANALYSIS = YES;
				CLANG_WARN_STRICT_PROTOTYPES = YES;
				CLANG_WARN_SUSPICIOUS_MOVE = YES;
				CLANG_WARN_UNGUARDED_AVAILABILITY = YES_AGGRESSIVE;
				CLANG_WARN_UNREACHABLE_CODE = YES;
				CLANG_WARN__DUPLICATE_METHOD_MATCH = YES;
				COPY_PHASE_STRIP = NO;
				DEBUG_INFORMATION_FORMAT = dwarf;
				ENABLE_STRICT_OBJC_MSGSEND = YES;
				ENABLE_TESTABILITY = YES;
				GCC_C_LANGUAGE_STANDARD = gnu11;
				GCC_DYNAMIC_NO_PIC = NO;
				GCC_NO_COMMON_BLOCKS = YES;
				GCC_OPTIMIZATION_LEVEL = 0;
				GCC_PREPROCESSOR_DEFINITIONS = (
					"DEBUG=1",
					"$(inherited)",
				);
				GCC_WARN_64_TO_32_BIT_CONVERSION = YES;
				GCC_WARN_ABOUT_RETURN_TYPE = YES_ERROR;
				GCC_WARN_UNDECLARED_SELECTOR = YES;
				GCC_WARN_UNINITIALIZED_AUTOS = YES_AGGRESSIVE;
				GCC_WARN_UNUSED_FUNCTION = YES;
				GCC_WARN_UNUSED_VARIABLE = YES;
				IPHONEOS_DEPLOYMENT_TARGET = 14.3;
				MTL_ENABLE_DEBUG_INFO = INCLUDE_SOURCE;
				MTL_FAST_MATH = YES;
				ONLY_ACTIVE_ARCH = YES;
				SDKROOT = iphoneos;
				SWIFT_ACTIVE_COMPILATION_CONDITIONS = DEBUG;
				SWIFT_OPTIMIZATION_LEVEL = "-Onone";
			};
			name = Debug;
		};
		F2FADD9725877CA10088FDAA /* Release */ = {
			isa = XCBuildConfiguration;
			buildSettings = {
				ALWAYS_SEARCH_USER_PATHS = NO;
				CLANG_ANALYZER_NONNULL = YES;
				CLANG_ANALYZER_NUMBER_OBJECT_CONVERSION = YES_AGGRESSIVE;
				CLANG_CXX_LANGUAGE_STANDARD = "gnu++14";
				CLANG_CXX_LIBRARY = "libc++";
				CLANG_ENABLE_MODULES = YES;
				CLANG_ENABLE_OBJC_ARC = YES;
				CLANG_ENABLE_OBJC_WEAK = YES;
				CLANG_WARN_BLOCK_CAPTURE_AUTORELEASING = YES;
				CLANG_WARN_BOOL_CONVERSION = YES;
				CLANG_WARN_COMMA = YES;
				CLANG_WARN_CONSTANT_CONVERSION = YES;
				CLANG_WARN_DEPRECATED_OBJC_IMPLEMENTATIONS = YES;
				CLANG_WARN_DIRECT_OBJC_ISA_USAGE = YES_ERROR;
				CLANG_WARN_DOCUMENTATION_COMMENTS = YES;
				CLANG_WARN_EMPTY_BODY = YES;
				CLANG_WARN_ENUM_CONVERSION = YES;
				CLANG_WARN_INFINITE_RECURSION = YES;
				CLANG_WARN_INT_CONVERSION = YES;
				CLANG_WARN_NON_LITERAL_NULL_CONVERSION = YES;
				CLANG_WARN_OBJC_IMPLICIT_RETAIN_SELF = YES;
				CLANG_WARN_OBJC_LITERAL_CONVERSION = YES;
				CLANG_WARN_OBJC_ROOT_CLASS = YES_ERROR;
				CLANG_WARN_QUOTED_INCLUDE_IN_FRAMEWORK_HEADER = YES;
				CLANG_WARN_RANGE_LOOP_ANALYSIS = YES;
				CLANG_WARN_STRICT_PROTOTYPES = YES;
				CLANG_WARN_SUSPICIOUS_MOVE = YES;
				CLANG_WARN_UNGUARDED_AVAILABILITY = YES_AGGRESSIVE;
				CLANG_WARN_UNREACHABLE_CODE = YES;
				CLANG_WARN__DUPLICATE_METHOD_MATCH = YES;
				COPY_PHASE_STRIP = NO;
				DEBUG_INFORMATION_FORMAT = "dwarf-with-dsym";
				ENABLE_NS_ASSERTIONS = NO;
				ENABLE_STRICT_OBJC_MSGSEND = YES;
				GCC_C_LANGUAGE_STANDARD = gnu11;
				GCC_NO_COMMON_BLOCKS = YES;
				GCC_WARN_64_TO_32_BIT_CONVERSION = YES;
				GCC_WARN_ABOUT_RETURN_TYPE = YES_ERROR;
				GCC_WARN_UNDECLARED_SELECTOR = YES;
				GCC_WARN_UNINITIALIZED_AUTOS = YES_AGGRESSIVE;
				GCC_WARN_UNUSED_FUNCTION = YES;
				GCC_WARN_UNUSED_VARIABLE = YES;
				IPHONEOS_DEPLOYMENT_TARGET = 14.3;
				MTL_ENABLE_DEBUG_INFO = NO;
				MTL_FAST_MATH = YES;
				SDKROOT = iphoneos;
				SWIFT_COMPILATION_MODE = wholemodule;
				SWIFT_OPTIMIZATION_LEVEL = "-O";
				VALIDATE_PRODUCT = YES;
			};
			name = Release;
		};
		F2FADD9925877CA10088FDAA /* Debug */ = {
			isa = XCBuildConfiguration;
			buildSettings = {
				ASSETCATALOG_COMPILER_APPICON_NAME = AppIcon;
				ASSETCATALOG_COMPILER_GLOBAL_ACCENT_COLOR_NAME = AccentColor;
				CODE_SIGN_STYLE = Automatic;
				DEVELOPMENT_ASSET_PATHS = "\"FaceDetector/Preview Content\"";
				DEVELOPMENT_TEAM = 84P4DVBKVP;
				ENABLE_PREVIEWS = YES;
				INFOPLIST_FILE = FaceDetector/Info.plist;
				IPHONEOS_DEPLOYMENT_TARGET = 14.0;
				LD_RUNPATH_SEARCH_PATHS = (
					"$(inherited)",
					"@executable_path/Frameworks",
				);
				PRODUCT_BUNDLE_IDENTIFIER = com.sunnydale.demo.FaceDetector;
				PRODUCT_NAME = "$(TARGET_NAME)";
				SWIFT_VERSION = 5.0;
				TARGETED_DEVICE_FAMILY = "1,2";
			};
			name = Debug;
		};
		F2FADD9A25877CA10088FDAA /* Release */ = {
			isa = XCBuildConfiguration;
			buildSettings = {
				ASSETCATALOG_COMPILER_APPICON_NAME = AppIcon;
				ASSETCATALOG_COMPILER_GLOBAL_ACCENT_COLOR_NAME = AccentColor;
				CODE_SIGN_STYLE = Automatic;
				DEVELOPMENT_ASSET_PATHS = "\"FaceDetector/Preview Content\"";
				DEVELOPMENT_TEAM = 84P4DVBKVP;
				ENABLE_PREVIEWS = YES;
				INFOPLIST_FILE = FaceDetector/Info.plist;
				IPHONEOS_DEPLOYMENT_TARGET = 14.0;
				LD_RUNPATH_SEARCH_PATHS = (
					"$(inherited)",
					"@executable_path/Frameworks",
				);
				PRODUCT_BUNDLE_IDENTIFIER = com.sunnydale.demo.FaceDetector;
				PRODUCT_NAME = "$(TARGET_NAME)";
				SWIFT_VERSION = 5.0;
				TARGETED_DEVICE_FAMILY = "1,2";
			};
			name = Release;
		};
		F2FADD9C25877CA10088FDAA /* Debug */ = {
			isa = XCBuildConfiguration;
			buildSettings = {
				ALWAYS_EMBED_SWIFT_STANDARD_LIBRARIES = YES;
				BUNDLE_LOADER = "$(TEST_HOST)";
				CODE_SIGN_STYLE = Automatic;
				DEVELOPMENT_TEAM = 84P4DVBKVP;
				INFOPLIST_FILE = FaceDetectorTests/Info.plist;
				IPHONEOS_DEPLOYMENT_TARGET = 14.0;
				LD_RUNPATH_SEARCH_PATHS = (
					"$(inherited)",
					"@executable_path/Frameworks",
					"@loader_path/Frameworks",
				);
				PRODUCT_BUNDLE_IDENTIFIER = com.sunnydale.demo.FaceDetectorTests;
				PRODUCT_NAME = "$(TARGET_NAME)";
				SWIFT_VERSION = 5.0;
				TARGETED_DEVICE_FAMILY = "1,2";
				TEST_HOST = "$(BUILT_PRODUCTS_DIR)/FaceDetector.app/FaceDetector";
			};
			name = Debug;
		};
		F2FADD9D25877CA10088FDAA /* Release */ = {
			isa = XCBuildConfiguration;
			buildSettings = {
				ALWAYS_EMBED_SWIFT_STANDARD_LIBRARIES = YES;
				BUNDLE_LOADER = "$(TEST_HOST)";
				CODE_SIGN_STYLE = Automatic;
				DEVELOPMENT_TEAM = 84P4DVBKVP;
				INFOPLIST_FILE = FaceDetectorTests/Info.plist;
				IPHONEOS_DEPLOYMENT_TARGET = 14.0;
				LD_RUNPATH_SEARCH_PATHS = (
					"$(inherited)",
					"@executable_path/Frameworks",
					"@loader_path/Frameworks",
				);
				PRODUCT_BUNDLE_IDENTIFIER = com.sunnydale.demo.FaceDetectorTests;
				PRODUCT_NAME = "$(TARGET_NAME)";
				SWIFT_VERSION = 5.0;
				TARGETED_DEVICE_FAMILY = "1,2";
				TEST_HOST = "$(BUILT_PRODUCTS_DIR)/FaceDetector.app/FaceDetector";
			};
			name = Release;
		};
		F2FADD9F25877CA10088FDAA /* Debug */ = {
			isa = XCBuildConfiguration;
			buildSettings = {
				ALWAYS_EMBED_SWIFT_STANDARD_LIBRARIES = YES;
				CODE_SIGN_STYLE = Automatic;
				DEVELOPMENT_TEAM = 84P4DVBKVP;
				INFOPLIST_FILE = FaceDetectorUITests/Info.plist;
				LD_RUNPATH_SEARCH_PATHS = (
					"$(inherited)",
					"@executable_path/Frameworks",
					"@loader_path/Frameworks",
				);
				PRODUCT_BUNDLE_IDENTIFIER = com.sunnydale.demo.FaceDetectorUITests;
				PRODUCT_NAME = "$(TARGET_NAME)";
				SWIFT_VERSION = 5.0;
				TARGETED_DEVICE_FAMILY = "1,2";
				TEST_TARGET_NAME = FaceDetector;
			};
			name = Debug;
		};
		F2FADDA025877CA10088FDAA /* Release */ = {
			isa = XCBuildConfiguration;
			buildSettings = {
				ALWAYS_EMBED_SWIFT_STANDARD_LIBRARIES = YES;
				CODE_SIGN_STYLE = Automatic;
				DEVELOPMENT_TEAM = 84P4DVBKVP;
				INFOPLIST_FILE = FaceDetectorUITests/Info.plist;
				LD_RUNPATH_SEARCH_PATHS = (
					"$(inherited)",
					"@executable_path/Frameworks",
					"@loader_path/Frameworks",
				);
				PRODUCT_BUNDLE_IDENTIFIER = com.sunnydale.demo.FaceDetectorUITests;
				PRODUCT_NAME = "$(TARGET_NAME)";
				SWIFT_VERSION = 5.0;
				TARGETED_DEVICE_FAMILY = "1,2";
				TEST_TARGET_NAME = FaceDetector;
			};
			name = Release;
		};
/* End XCBuildConfiguration section */

/* Begin XCConfigurationList section */
		F2FADD6E25877C9F0088FDAA /* Build configuration list for PBXProject "FaceDetector" */ = {
			isa = XCConfigurationList;
			buildConfigurations = (
				F2FADD9625877CA10088FDAA /* Debug */,
				F2FADD9725877CA10088FDAA /* Release */,
			);
			defaultConfigurationIsVisible = 0;
			defaultConfigurationName = Release;
		};
		F2FADD9825877CA10088FDAA /* Build configuration list for PBXNativeTarget "FaceDetector" */ = {
			isa = XCConfigurationList;
			buildConfigurations = (
				F2FADD9925877CA10088FDAA /* Debug */,
				F2FADD9A25877CA10088FDAA /* Release */,
			);
			defaultConfigurationIsVisible = 0;
			defaultConfigurationName = Release;
		};
		F2FADD9B25877CA10088FDAA /* Build configuration list for PBXNativeTarget "FaceDetectorTests" */ = {
			isa = XCConfigurationList;
			buildConfigurations = (
				F2FADD9C25877CA10088FDAA /* Debug */,
				F2FADD9D25877CA10088FDAA /* Release */,
			);
			defaultConfigurationIsVisible = 0;
			defaultConfigurationName = Release;
		};
		F2FADD9E25877CA10088FDAA /* Build configuration list for PBXNativeTarget "FaceDetectorUITests" */ = {
			isa = XCConfigurationList;
			buildConfigurations = (
				F2FADD9F25877CA10088FDAA /* Debug */,
				F2FADDA025877CA10088FDAA /* Release */,
			);
			defaultConfigurationIsVisible = 0;
			defaultConfigurationName = Release;
		};
/* End XCConfigurationList section */
	};
	rootObject = F2FADD6B25877C9F0088FDAA /* Project object */;
}
